
Microsoft Visual Studio Solution File, Format Version 12.00
# Visual Studio Version 16
VisualStudioVersion = 16.0.32602.291
MinimumVisualStudioVersion = 10.0.40219.1
Project("{FAE04EC0-301F-11D3-BF4B-00C04F79EFBC}") = "TextFileCrud", "ConsoleApp1\TextFileCrud.csproj", "{EDA5F955-67A0-494D-A053-C2715589FA61}"
EndProject
Global
	GlobalSection(SolutionConfigurationPlatforms) = preSolution
		Debug|Any CPU = Debug|Any CPU
		Release|Any CPU = Release|Any CPU
	EndGlobalSection
	GlobalSection(ProjectConfigurationPlatforms) = postSolution
		{EDA5F955-67A0-494D-A053-C2715589FA61}.Debug|Any CPU.ActiveCfg = Debug|Any CPU
		{EDA5F955-67A0-494D-A053-C2715589FA61}.Debug|Any CPU.Build.0 = Debug|Any CPU
		{EDA5F955-67A0-494D-A053-C2715589FA61}.Release|Any CPU.ActiveCfg = Release|Any CPU
		{EDA5F955-67A0-494D-A053-C2715589FA61}.Release|Any CPU.Build.0 = Release|Any CPU
	EndGlobalSection
	GlobalSection(SolutionProperties) = preSolution
		HideSolutionNode = FALSE
	EndGlobalSection
	GlobalSection(ExtensibilityGlobals) = postSolution
		SolutionGuid = {DB3F19AF-4434-4636-A677-F8EC6ECAEAC0}
	EndGlobalSection
EndGlobal
